
Microsoft Visual Studio Solution File, Format Version 12.00
# Visual Studio Version 16
VisualStudioVersion = 16.0.29519.87
MinimumVisualStudioVersion = 10.0.40219.1
Project("{FAE04EC0-301F-11D3-BF4B-00C04F79EFBC}") = "BranchesTeste", "BranchesTeste\BranchesTeste.csproj", "{E28849A5-C8B0-4362-BEE5-C513C567B282}"
EndProject
Global
	GlobalSection(SolutionConfigurationPlatforms) = preSolution
		Debug|Any CPU = Debug|Any CPU
		Release|Any CPU = Release|Any CPU
	EndGlobalSection
	GlobalSection(ProjectConfigurationPlatforms) = postSolution
		{E28849A5-C8B0-4362-BEE5-C513C567B282}.Debug|Any CPU.ActiveCfg = Debug|Any CPU
		{E28849A5-C8B0-4362-BEE5-C513C567B282}.Debug|Any CPU.Build.0 = Debug|Any CPU
		{E28849A5-C8B0-4362-BEE5-C513C567B282}.Release|Any CPU.ActiveCfg = Release|Any CPU
		{E28849A5-C8B0-4362-BEE5-C513C567B282}.Release|Any CPU.Build.0 = Release|Any CPU
	EndGlobalSection
	GlobalSection(SolutionProperties) = preSolution
		HideSolutionNode = FALSE
	EndGlobalSection
	GlobalSection(ExtensibilityGlobals) = postSolution
		SolutionGuid = {543E920D-A933-475B-BF97-35FBFD547469}
	EndGlobalSection
EndGlobal
